<?xml version="1.0" encoding="utf-8"?>
<Project ToolsVersion="4.0" xmlns="http://schemas.microsoft.com/developer/msbuild/2003">
  <ItemGroup>
    <Filter Include="Source Files">
      <UniqueIdentifier>{f4f16c40-f8f0-4232-9c23-498f463eea1c}</UniqueIdentifier>
      <Extensions>cpp;c;cxx;rc;def;r;odl;idl;hpj;bat</Extensions>
    </Filter>
    <Filter Include="Header Files">
      <UniqueIdentifier>{9e56b14a-99b9-46a4-bb81-5dcdb83ef454}</UniqueIdentifier>
      <Extensions>h;hpp;hxx;hm;inl</Extensions>
    </Filter>
    <Filter Include="Header Files\event">
      <UniqueIdentifier>{d35976fc-0f44-43cc-a5d6-0e632c3a96df}</UniqueIdentifier>
    </Filter>
    <Filter Include="Resource Files">
      <UniqueIdentifier>{8b60ba27-d1b9-4379-b612-990f633b5861}</UniqueIdentifier>
      <Extensions>ico;cur;bmp;dlg;rc2;rct;bin;rgs;gif;jpg;jpeg;jpe</Extensions>
    </Filter>
  </ItemGroup>
  <ItemGroup>
    <ClCompile Include="About.cpp">
      <Filter>Source Files</Filter>
    </ClCompile>
    <ClCompile Include="ActionOption.cpp">
      <Filter>Source Files</Filter>
    </ClCompile>
    <ClCompile Include="ActiveDlg.cpp">
      <Filter>Source Files</Filter>
    </ClCompile>
    <ClCompile Include="ActiveXCtl.cpp">
      <Filter>Source Files</Filter>
    </ClCompile>
    <ClCompile Include="AudioDialog.cpp">
      <Filter>Source Files</Filter>
    </ClCompile>
    <ClCompile Include="BufferTimeDlg.cpp">
      <Filter>Source Files</Filter>
    </ClCompile>
    <ClCompile Include="CameraConfigSetting.cpp">
      <Filter>Source Files</Filter>
    </ClCompile>
    <ClCompile Include="CruiseDlg.cpp">
      <Filter>Source Files</Filter>
    </ClCompile>
    <ClCompile Include="CruisePoint.cpp">
      <Filter>Source Files</Filter>
    </ClCompile>
    <ClCompile Include="EventSet.cpp">
      <Filter>Source Files</Filter>
    </ClCompile>
    <ClCompile Include="IPCSdkFuncDemo.cpp">
      <Filter>Source Files</Filter>
    </ClCompile>
    <ClCompile Include="IPCSdkFuncDemoDlg.cpp">
      <Filter>Source Files</Filter>
    </ClCompile>
    <ClCompile Include="LoginDlg.cpp">
      <Filter>Source Files</Filter>
    </ClCompile>
    <ClCompile Include="LogViewDlg.cpp">
      <Filter>Source Files</Filter>
    </ClCompile>
    <ClCompile Include="PlanSet.cpp">
      <Filter>Source Files</Filter>
    </ClCompile>
    <ClCompile Include="PtzPositionParamDlg.cpp">
      <Filter>Source Files</Filter>
    </ClCompile>
    <ClCompile Include="PTZTransPropGet.cpp">
      <Filter>Source Files</Filter>
    </ClCompile>
    <ClCompile Include="PTZTransPropSet.cpp">
      <Filter>Source Files</Filter>
    </ClCompile>
    <ClCompile Include="StdAfx.cpp">
      <Filter>Source Files</Filter>
    </ClCompile>
    <ClCompile Include="StringDlg.cpp">
      <Filter>Source Files</Filter>
    </ClCompile>
    <ClCompile Include="SystemSetting.cpp">
      <Filter>Source Files</Filter>
    </ClCompile>
    <ClCompile Include="TransDlg.cpp">
      <Filter>Source Files</Filter>
    </ClCompile>
    <ClCompile Include="UpdateFilePath.cpp">
      <Filter>Source Files</Filter>
    </ClCompile>
    <ClCompile Include="UpdateSeviceDlg.cpp">
      <Filter>Source Files</Filter>
    </ClCompile>
    <ClCompile Include="VideoWnd.cpp">
      <Filter>Source Files</Filter>
    </ClCompile>
  </ItemGroup>
  <ItemGroup>
    <ResourceCompile Include="IPCSdkFuncDemo.rc">
      <Filter>Source Files</Filter>
    </ResourceCompile>
  </ItemGroup>
  <ItemGroup>
    <ClInclude Include="About.h">
      <Filter>Header Files</Filter>
    </ClInclude>
    <ClInclude Include="ActionOption.h">
      <Filter>Header Files</Filter>
    </ClInclude>
    <ClInclude Include="ActiveDlg.h">
      <Filter>Header Files</Filter>
    </ClInclude>
    <ClInclude Include="ActiveXCtl.h">
      <Filter>Header Files</Filter>
    </ClInclude>
    <ClInclude Include="AudioDialog.h">
      <Filter>Header Files</Filter>
    </ClInclude>
    <ClInclude Include="BufferTimeDlg.h">
      <Filter>Header Files</Filter>
    </ClInclude>
    <ClInclude Include="CameraConfigSetting.h">
      <Filter>Header Files</Filter>
    </ClInclude>
    <ClInclude Include="CruiseDlg.h">
      <Filter>Header Files</Filter>
    </ClInclude>
    <ClInclude Include="CruisePoint.h">
      <Filter>Header Files</Filter>
    </ClInclude>
    <ClInclude Include="EventSet.h">
      <Filter>Header Files</Filter>
    </ClInclude>
    <ClInclude Include="IPCSdkFuncDemo.h">
      <Filter>Header Files</Filter>
    </ClInclude>
    <ClInclude Include="IPCSdkFuncDemoDlg.h">
      <Filter>Header Files</Filter>
    </ClInclude>
    <ClInclude Include="LoginDlg.h">
      <Filter>Header Files</Filter>
    </ClInclude>
    <ClInclude Include="LogViewDlg.h">
      <Filter>Header Files</Filter>
    </ClInclude>
    <ClInclude Include="PlanSet.h">
      <Filter>Header Files</Filter>
    </ClInclude>
    <ClInclude Include="PtzPositionParamDlg.h">
      <Filter>Header Files</Filter>
    </ClInclude>
    <ClInclude Include="PTZTransPropGet.h">
      <Filter>Header Files</Filter>
    </ClInclude>
    <ClInclude Include="PTZTransPropSet.h">
      <Filter>Header Files</Filter>
    </ClInclude>
    <ClInclude Include="Resource.h">
      <Filter>Header Files</Filter>
    </ClInclude>
    <ClInclude Include="StdAfx.h">
      <Filter>Header Files</Filter>
    </ClInclude>
    <ClInclude Include="StringDlg.h">
      <Filter>Header Files</Filter>
    </ClInclude>
    <ClInclude Include="SystemSetting.h">
      <Filter>Header Files</Filter>
    </ClInclude>
    <ClInclude Include="TransDlg.h">
      <Filter>Header Files</Filter>
    </ClInclude>
    <ClInclude Include="UpdateFilePath.h">
      <Filter>Header Files</Filter>
    </ClInclude>
    <ClInclude Include="UpdateSeviceDlg.h">
      <Filter>Header Files</Filter>
    </ClInclude>
    <ClInclude Include="UserLogMgr.h">
      <Filter>Header Files</Filter>
    </ClInclude>
    <ClInclude Include="VideoWnd.h">
      <Filter>Header Files</Filter>
    </ClInclude>
    <ClInclude Include="WaninVGAMedia.h">
      <Filter>Header Files</Filter>
    </ClInclude>
    <ClInclude Include="WinCmdDef.h">
      <Filter>Header Files</Filter>
    </ClInclude>
  </ItemGroup>
  <ItemGroup>
    <Image Include="res\IPCPlayerDemo.ico">
      <Filter>Resource Files</Filter>
    </Image>
  </ItemGroup>
  <ItemGroup>
    <None Include="res\IPCPlayerDemo.rc2">
      <Filter>Resource Files</Filter>
    </None>
    <None Include="ActionOption.htm" />
    <None Include="ActiveXDlg.htm" />
  </ItemGroup>
</Project>